
Microsoft Visual Studio Solution File, Format Version 12.00
# Visual Studio Version 17
VisualStudioVersion = 17.9.34728.123
MinimumVisualStudioVersion = 10.0.40219.1
Project("{9A19103F-16F7-4668-BE54-9A1E7A4F7556}") = "Assembly-CSharp", "Assembly-CSharp.csproj", "{A6D68816-273C-49A4-88D5-D8EAF330F6C6}"
EndProject
Global
	GlobalSection(SolutionConfigurationPlatforms) = preSolution
		Debug|Any CPU = Debug|Any CPU
		Release|Any CPU = Release|Any CPU
	EndGlobalSection
	GlobalSection(ProjectConfigurationPlatforms) = postSolution
		{A6D68816-273C-49A4-88D5-D8EAF330F6C6}.Debug|Any CPU.ActiveCfg = Debug|Any CPU
		{A6D68816-273C-49A4-88D5-D8EAF330F6C6}.Debug|Any CPU.Build.0 = Debug|Any CPU
		{A6D68816-273C-49A4-88D5-D8EAF330F6C6}.Release|Any CPU.ActiveCfg = Release|Any CPU
		{A6D68816-273C-49A4-88D5-D8EAF330F6C6}.Release|Any CPU.Build.0 = Release|Any CPU
	EndGlobalSection
	GlobalSection(SolutionProperties) = preSolution
		HideSolutionNode = FALSE
	EndGlobalSection
	GlobalSection(ExtensibilityGlobals) = postSolution
		SolutionGuid = {7F96C714-E9FA-49DA-A007-A5170A12C095}
	EndGlobalSection
EndGlobal
